<Solution>
  <Configurations>
    <Platform Name="x64" />
    <Platform Name="x86" />
  </Configurations>
  <Project Path="3D_Action/3D_Action.vcxproj" Id="93e9b505-823f-4acc-9f7b-3dad8a800c99" />
  <Project Path="DirectX12/DirectX12.vcxproj" Id="8d7a432d-f5cc-45dd-9ecb-8a631c562442" />
</Solution>
